// !$*UTF8*$!
{
	archiveVersion = 1;
	classes = {
	};
	objectVersion = 56;
	objects = {

/* Begin PBXBuildFile section */
		740BE3B02ACCB6C0006FD8AB /* ProjectPRApp.swift in Sources */ = {isa = PBXBuildFile; fileRef = 740BE3AF2ACCB6C0006FD8AB /* ProjectPRApp.swift */; };
		740BE3B22ACCB6C0006FD8AB /* ContentView.swift in Sources */ = {isa = PBXBuildFile; fileRef = 740BE3B12ACCB6C0006FD8AB /* ContentView.swift */; };
		740BE3B42ACCB6C1006FD8AB /* Assets.xcassets in Resources */ = {isa = PBXBuildFile; fileRef = 740BE3B32ACCB6C1006FD8AB /* Assets.xcassets */; };
		740BE3B72ACCB6C1006FD8AB /* Preview Assets.xcassets in Resources */ = {isa = PBXBuildFile; fileRef = 740BE3B62ACCB6C1006FD8AB /* Preview Assets.xcassets */; };
		740BE3C12ACCB6C2006FD8AB /* ProjectPRTests.swift in Sources */ = {isa = PBXBuildFile; fileRef = 740BE3C02ACCB6C2006FD8AB /* ProjectPRTests.swift */; };
		740BE3CB2ACCB6C2006FD8AB /* ProjectPRUITests.swift in Sources */ = {isa = PBXBuildFile; fileRef = 740BE3CA2ACCB6C2006FD8AB /* ProjectPRUITests.swift */; };
		740BE3CD2ACCB6C2006FD8AB /* ProjectPRUITestsLaunchTests.swift in Sources */ = {isa = PBXBuildFile; fileRef = 740BE3CC2ACCB6C2006FD8AB /* ProjectPRUITestsLaunchTests.swift */; };
/* End PBXBuildFile section */

/* Begin PBXContainerItemProxy section */
		740BE3BD2ACCB6C2006FD8AB /* PBXContainerItemProxy */ = {
			isa = PBXContainerItemProxy;
			containerPortal = 740BE3A42ACCB6BF006FD8AB /* Project object */;
			proxyType = 1;
			remoteGlobalIDString = 740BE3AB2ACCB6BF006FD8AB;
			remoteInfo = ProjectPR;
		};
		740BE3C72ACCB6C2006FD8AB /* PBXContainerItemProxy */ = {
			isa = PBXContainerItemProxy;
			containerPortal = 740BE3A42ACCB6BF006FD8AB /* Project object */;
			proxyType = 1;
			remoteGlobalIDString = 740BE3AB2ACCB6BF006FD8AB;
			remoteInfo = ProjectPR;
		};
/* End PBXContainerItemProxy section */

/* Begin PBXFileReference section */
		740BE3AC2ACCB6C0006FD8AB /* ProjectPR.app */ = {isa = PBXFileReference; explicitFileType = wrapper.application; includeInIndex = 0; path = ProjectPR.app; sourceTree = BUILT_PRODUCTS_DIR; };
		740BE3AF2ACCB6C0006FD8AB /* ProjectPRApp.swift */ = {isa = PBXFileReference; lastKnownFileType = sourcecode.swift; path = ProjectPRApp.swift; sourceTree = "<group>"; };
		740BE3B12ACCB6C0006FD8AB /* ContentView.swift */ = {isa = PBXFileReference; lastKnownFileType = sourcecode.swift; path = ContentView.swift; sourceTree = "<group>"; };
		740BE3B32ACCB6C1006FD8AB /* Assets.xcassets */ = {isa = PBXFileReference; lastKnownFileType = folder.assetcatalog; path = Assets.xcassets; sourceTree = "<group>"; };
		740BE3B62ACCB6C1006FD8AB /* Preview Assets.xcassets */ = {isa = PBXFileReference; lastKnownFileType = folder.assetcatalog; path = "Preview Assets.xcassets"; sourceTree = "<group>"; };
		740BE3BC2ACCB6C2006FD8AB /* ProjectPRTests.xctest */ = {isa = PBXFileReference; explicitFileType = wrapper.cfbundle; includeInIndex = 0; path = ProjectPRTests.xctest; sourceTree = BUILT_PRODUCTS_DIR; };
		740BE3C02ACCB6C2006FD8AB /* ProjectPRTests.swift */ = {isa = PBXFileReference; lastKnownFileType = sourcecode.swift; path = ProjectPRTests.swift; sourceTree = "<group>"; };
		740BE3C62ACCB6C2006FD8AB /* ProjectPRUITests.xctest */ = {isa = PBXFileReference; explicitFileType = wrapper.cfbundle; includeInIndex = 0; path = ProjectPRUITests.xctest; sourceTree = BUILT_PRODUCTS_DIR; };
		740BE3CA2ACCB6C2006FD8AB /* ProjectPRUITests.swift */ = {isa = PBXFileReference; lastKnownFileType = sourcecode.swift; path = ProjectPRUITests.swift; sourceTree = "<group>"; };
		740BE3CC2ACCB6C2006FD8AB /* ProjectPRUITestsLaunchTests.swift */ = {isa = PBXFileReference; lastKnownFileType = sourcecode.swift; path = ProjectPRUITestsLaunchTests.swift; sourceTree = "<group>"; };
/* End PBXFileReference section */

/* Begin PBXFrameworksBuildPhase section */
		740BE3A92ACCB6BF006FD8AB /* Frameworks */ = {
			isa = PBXFrameworksBuildPhase;
			buildActionMask = 2147483647;
			files = (
			);
			runOnlyForDeploymentPostprocessing = 0;
		};
		740BE3B92ACCB6C2006FD8AB /* Frameworks */ = {
			isa = PBXFrameworksBuildPhase;
			buildActionMask = 2147483647;
			files = (
			);
			runOnlyForDeploymentPostprocessing = 0;
		};
		740BE3C32ACCB6C2006FD8AB /* Frameworks */ = {
			isa = PBXFrameworksBuildPhase;
			buildActionMask = 2147483647;
			files = (
			);
			runOnlyForDeploymentPostprocessing = 0;
		};
/* End PBXFrameworksBuildPhase section */

/* Begin PBXGroup section */
		740BE3A32ACCB6BF006FD8AB = {
			isa = PBXGroup;
			children = (
				740BE3AE2ACCB6C0006FD8AB /* ProjectPR */,
				740BE3BF2ACCB6C2006FD8AB /* ProjectPRTests */,
				740BE3C92ACCB6C2006FD8AB /* ProjectPRUITests */,
				740BE3AD2ACCB6C0006FD8AB /* Products */,
			);
			sourceTree = "<group>";
		};
		740BE3AD2ACCB6C0006FD8AB /* Products */ = {
			isa = PBXGroup;
			children = (
				740BE3AC2ACCB6C0006FD8AB /* ProjectPR.app */,
				740BE3BC2ACCB6C2006FD8AB /* ProjectPRTests.xctest */,
				740BE3C62ACCB6C2006FD8AB /* ProjectPRUITests.xctest */,
			);
			name = Products;
			sourceTree = "<group>";
		};
		740BE3AE2ACCB6C0006FD8AB /* ProjectPR */ = {
			isa = PBXGroup;
			children = (
				740BE3AF2ACCB6C0006FD8AB /* ProjectPRApp.swift */,
				740BE3B12ACCB6C0006FD8AB /* ContentView.swift */,
				740BE3B32ACCB6C1006FD8AB /* Assets.xcassets */,
				740BE3B52ACCB6C1006FD8AB /* Preview Content */,
			);
			path = ProjectPR;
			sourceTree = "<group>";
		};
		740BE3B52ACCB6C1006FD8AB /* Preview Content */ = {
			isa = PBXGroup;
			children = (
				740BE3B62ACCB6C1006FD8AB /* Preview Assets.xcassets */,
			);
			path = "Preview Content";
			sourceTree = "<group>";
		};
		740BE3BF2ACCB6C2006FD8AB /* ProjectPRTests */ = {
			isa = PBXGroup;
			children = (
				740BE3C02ACCB6C2006FD8AB /* ProjectPRTests.swift */,
			);
			path = ProjectPRTests;
			sourceTree = "<group>";
		};
		740BE3C92ACCB6C2006FD8AB /* ProjectPRUITests */ = {
			isa = PBXGroup;
			children = (
				740BE3CA2ACCB6C2006FD8AB /* ProjectPRUITests.swift */,
				740BE3CC2ACCB6C2006FD8AB /* ProjectPRUITestsLaunchTests.swift */,
			);
			path = ProjectPRUITests;
			sourceTree = "<group>";
		};
/* End PBXGroup section */

/* Begin PBXNativeTarget section */
		740BE3AB2ACCB6BF006FD8AB /* ProjectPR */ = {
			isa = PBXNativeTarget;
			buildConfigurationList = 740BE3D02ACCB6C2006FD8AB /* Build configuration list for PBXNativeTarget "ProjectPR" */;
			buildPhases = (
				740BE3A82ACCB6BF006FD8AB /* Sources */,
				740BE3A92ACCB6BF006FD8AB /* Frameworks */,
				740BE3AA2ACCB6BF006FD8AB /* Resources */,
			);
			buildRules = (
			);
			dependencies = (
			);
			name = ProjectPR;
			productName = ProjectPR;
			productReference = 740BE3AC2ACCB6C0006FD8AB /* ProjectPR.app */;
			productType = "com.apple.product-type.application";
		};
		740BE3BB2ACCB6C2006FD8AB /* ProjectPRTests */ = {
			isa = PBXNativeTarget;
			buildConfigurationList = 740BE3D32ACCB6C2006FD8AB /* Build configuration list for PBXNativeTarget "ProjectPRTests" */;
			buildPhases = (
				740BE3B82ACCB6C2006FD8AB /* Sources */,
				740BE3B92ACCB6C2006FD8AB /* Frameworks */,
				740BE3BA2ACCB6C2006FD8AB /* Resources */,
			);
			buildRules = (
			);
			dependencies = (
				740BE3BE2ACCB6C2006FD8AB /* PBXTargetDependency */,
			);
			name = ProjectPRTests;
			productName = ProjectPRTests;
			productReference = 740BE3BC2ACCB6C2006FD8AB /* ProjectPRTests.xctest */;
			productType = "com.apple.product-type.bundle.unit-test";
		};
		740BE3C52ACCB6C2006FD8AB /* ProjectPRUITests */ = {
			isa = PBXNativeTarget;
			buildConfigurationList = 740BE3D62ACCB6C2006FD8AB /* Build configuration list for PBXNativeTarget "ProjectPRUITests" */;
			buildPhases = (
				740BE3C22ACCB6C2006FD8AB /* Sources */,
				740BE3C32ACCB6C2006FD8AB /* Frameworks */,
				740BE3C42ACCB6C2006FD8AB /* Resources */,
			);
			buildRules = (
			);
			dependencies = (
				740BE3C82ACCB6C2006FD8AB /* PBXTargetDependency */,
			);
			name = ProjectPRUITests;
			productName = ProjectPRUITests;
			productReference = 740BE3C62ACCB6C2006FD8AB /* ProjectPRUITests.xctest */;
			productType = "com.apple.product-type.bundle.ui-testing";
		};
/* End PBXNativeTarget section */

/* Begin PBXProject section */
		740BE3A42ACCB6BF006FD8AB /* Project object */ = {
			isa = PBXProject;
			attributes = {
				BuildIndependentTargetsInParallel = 1;
				LastSwiftUpdateCheck = 1500;
				LastUpgradeCheck = 1500;
				TargetAttributes = {
					740BE3AB2ACCB6BF006FD8AB = {
						CreatedOnToolsVersion = 15.0;
					};
					740BE3BB2ACCB6C2006FD8AB = {
						CreatedOnToolsVersion = 15.0;
						TestTargetID = 740BE3AB2ACCB6BF006FD8AB;
					};
					740BE3C52ACCB6C2006FD8AB = {
						CreatedOnToolsVersion = 15.0;
						TestTargetID = 740BE3AB2ACCB6BF006FD8AB;
					};
				};
			};
			buildConfigurationList = 740BE3A72ACCB6BF006FD8AB /* Build configuration list for PBXProject "ProjectPR" */;
			compatibilityVersion = "Xcode 14.0";
			developmentRegion = en;
			hasScannedForEncodings = 0;
			knownRegions = (
				en,
				Base,
			);
			mainGroup = 740BE3A32ACCB6BF006FD8AB;
			productRefGroup = 740BE3AD2ACCB6C0006FD8AB /* Products */;
			projectDirPath = "";
			projectRoot = "";
			targets = (
				740BE3AB2ACCB6BF006FD8AB /* ProjectPR */,
				740BE3BB2ACCB6C2006FD8AB /* ProjectPRTests */,
				740BE3C52ACCB6C2006FD8AB /* ProjectPRUITests */,
			);
		};
/* End PBXProject section */

/* Begin PBXResourcesBuildPhase section */
		740BE3AA2ACCB6BF006FD8AB /* Resources */ = {
			isa = PBXResourcesBuildPhase;
			buildActionMask = 2147483647;
			files = (
				740BE3B72ACCB6C1006FD8AB /* Preview Assets.xcassets in Resources */,
				740BE3B42ACCB6C1006FD8AB /* Assets.xcassets in Resources */,
			);
			runOnlyForDeploymentPostprocessing = 0;
		};
		740BE3BA2ACCB6C2006FD8AB /* Resources */ = {
			isa = PBXResourcesBuildPhase;
			buildActionMask = 2147483647;
			files = (
			);
			runOnlyForDeploymentPostprocessing = 0;
		};
		740BE3C42ACCB6C2006FD8AB /* Resources */ = {
			isa = PBXResourcesBuildPhase;
			buildActionMask = 2147483647;
			files = (
			);
			runOnlyForDeploymentPostprocessing = 0;
		};
/* End PBXResourcesBuildPhase section */

/* Begin PBXSourcesBuildPhase section */
		740BE3A82ACCB6BF006FD8AB /* Sources */ = {
			isa = PBXSourcesBuildPhase;
			buildActionMask = 2147483647;
			files = (
				740BE3B22ACCB6C0006FD8AB /* ContentView.swift in Sources */,
				740BE3B02ACCB6C0006FD8AB /* ProjectPRApp.swift in Sources */,
			);
			runOnlyForDeploymentPostprocessing = 0;
		};
		740BE3B82ACCB6C2006FD8AB /* Sources */ = {
			isa = PBXSourcesBuildPhase;
			buildActionMask = 2147483647;
			files = (
				740BE3C12ACCB6C2006FD8AB /* ProjectPRTests.swift in Sources */,
			);
			runOnlyForDeploymentPostprocessing = 0;
		};
		740BE3C22ACCB6C2006FD8AB /* Sources */ = {
			isa = PBXSourcesBuildPhase;
			buildActionMask = 2147483647;
			files = (
				740BE3CD2ACCB6C2006FD8AB /* ProjectPRUITestsLaunchTests.swift in Sources */,
				740BE3CB2ACCB6C2006FD8AB /* ProjectPRUITests.swift in Sources */,
			);
			runOnlyForDeploymentPostprocessing = 0;
		};
/* End PBXSourcesBuildPhase section */

/* Begin PBXTargetDependency section */
		740BE3BE2ACCB6C2006FD8AB /* PBXTargetDependency */ = {
			isa = PBXTargetDependency;
			target = 740BE3AB2ACCB6BF006FD8AB /* ProjectPR */;
			targetProxy = 740BE3BD2ACCB6C2006FD8AB /* PBXContainerItemProxy */;
		};
		740BE3C82ACCB6C2006FD8AB /* PBXTargetDependency */ = {
			isa = PBXTargetDependency;
			target = 740BE3AB2ACCB6BF006FD8AB /* ProjectPR */;
			targetProxy = 740BE3C72ACCB6C2006FD8AB /* PBXContainerItemProxy */;
		};
/* End PBXTargetDependency section */

/* Begin XCBuildConfiguration section */
		740BE3CE2ACCB6C2006FD8AB /* Debug */ = {
			isa = XCBuildConfiguration;
			buildSettings = {
				ALWAYS_SEARCH_USER_PATHS = NO;
				ASSETCATALOG_COMPILER_GENERATE_SWIFT_ASSET_SYMBOL_EXTENSIONS = YES;
				CLANG_ANALYZER_NONNULL = YES;
				CLANG_ANALYZER_NUMBER_OBJECT_CONVERSION = YES_AGGRESSIVE;
				CLANG_CXX_LANGUAGE_STANDARD = "gnu++20";
				CLANG_ENABLE_MODULES = YES;
				CLANG_ENABLE_OBJC_ARC = YES;
				CLANG_ENABLE_OBJC_WEAK = YES;
				CLANG_WARN_BLOCK_CAPTURE_AUTORELEASING = YES;
				CLANG_WARN_BOOL_CONVERSION = YES;
				CLANG_WARN_COMMA = YES;
				CLANG_WARN_CONSTANT_CONVERSION = YES;
				CLANG_WARN_DEPRECATED_OBJC_IMPLEMENTATIONS = YES;
				CLANG_WARN_DIRECT_OBJC_ISA_USAGE = YES_ERROR;
				CLANG_WARN_DOCUMENTATION_COMMENTS = YES;
				CLANG_WARN_EMPTY_BODY = YES;
				CLANG_WARN_ENUM_CONVERSION = YES;
				CLANG_WARN_INFINITE_RECURSION = YES;
				CLANG_WARN_INT_CONVERSION = YES;
				CLANG_WARN_NON_LITERAL_NULL_CONVERSION = YES;
				CLANG_WARN_OBJC_IMPLICIT_RETAIN_SELF = YES;
				CLANG_WARN_OBJC_LITERAL_CONVERSION = YES;
				CLANG_WARN_OBJC_ROOT_CLASS = YES_ERROR;
				CLANG_WARN_QUOTED_INCLUDE_IN_FRAMEWORK_HEADER = YES;
				CLANG_WARN_RANGE_LOOP_ANALYSIS = YES;
				CLANG_WARN_STRICT_PROTOTYPES = YES;
				CLANG_WARN_SUSPICIOUS_MOVE = YES;
				CLANG_WARN_UNGUARDED_AVAILABILITY = YES_AGGRESSIVE;
				CLANG_WARN_UNREACHABLE_CODE = YES;
				CLANG_WARN__DUPLICATE_METHOD_MATCH = YES;
				COPY_PHASE_STRIP = NO;
				DEBUG_INFORMATION_FORMAT = dwarf;
				ENABLE_STRICT_OBJC_MSGSEND = YES;
				ENABLE_TESTABILITY = YES;
				ENABLE_USER_SCRIPT_SANDBOXING = YES;
				GCC_C_LANGUAGE_STANDARD = gnu17;
				GCC_DYNAMIC_NO_PIC = NO;
				GCC_NO_COMMON_BLOCKS = YES;
				GCC_OPTIMIZATION_LEVEL = 0;
				GCC_PREPROCESSOR_DEFINITIONS = (
					"DEBUG=1",
					"$(inherited)",
				);
				GCC_WARN_64_TO_32_BIT_CONVERSION = YES;
				GCC_WARN_ABOUT_RETURN_TYPE = YES_ERROR;
				GCC_WARN_UNDECLARED_SELECTOR = YES;
				GCC_WARN_UNINITIALIZED_AUTOS = YES_AGGRESSIVE;
				GCC_WARN_UNUSED_FUNCTION = YES;
				GCC_WARN_UNUSED_VARIABLE = YES;
				IPHONEOS_DEPLOYMENT_TARGET = 17.0;
				LOCALIZATION_PREFERS_STRING_CATALOGS = YES;
				MTL_ENABLE_DEBUG_INFO = INCLUDE_SOURCE;
				MTL_FAST_MATH = YES;
				ONLY_ACTIVE_ARCH = YES;
				SDKROOT = iphoneos;
				SWIFT_ACTIVE_COMPILATION_CONDITIONS = "DEBUG $(inherited)";
				SWIFT_OPTIMIZATION_LEVEL = "-Onone";
			};
			name = Debug;
		};
		740BE3CF2ACCB6C2006FD8AB /* Release */ = {
			isa = XCBuildConfiguration;
			buildSettings = {
				ALWAYS_SEARCH_USER_PATHS = NO;
				ASSETCATALOG_COMPILER_GENERATE_SWIFT_ASSET_SYMBOL_EXTENSIONS = YES;
				CLANG_ANALYZER_NONNULL = YES;
				CLANG_ANALYZER_NUMBER_OBJECT_CONVERSION = YES_AGGRESSIVE;
				CLANG_CXX_LANGUAGE_STANDARD = "gnu++20";
				CLANG_ENABLE_MODULES = YES;
				CLANG_ENABLE_OBJC_ARC = YES;
				CLANG_ENABLE_OBJC_WEAK = YES;
				CLANG_WARN_BLOCK_CAPTURE_AUTORELEASING = YES;
				CLANG_WARN_BOOL_CONVERSION = YES;
				CLANG_WARN_COMMA = YES;
				CLANG_WARN_CONSTANT_CONVERSION = YES;
				CLANG_WARN_DEPRECATED_OBJC_IMPLEMENTATIONS = YES;
				CLANG_WARN_DIRECT_OBJC_ISA_USAGE = YES_ERROR;
				CLANG_WARN_DOCUMENTATION_COMMENTS = YES;
				CLANG_WARN_EMPTY_BODY = YES;
				CLANG_WARN_ENUM_CONVERSION = YES;
				CLANG_WARN_INFINITE_RECURSION = YES;
				CLANG_WARN_INT_CONVERSION = YES;
				CLANG_WARN_NON_LITERAL_NULL_CONVERSION = YES;
				CLANG_WARN_OBJC_IMPLICIT_RETAIN_SELF = YES;
				CLANG_WARN_OBJC_LITERAL_CONVERSION = YES;
				CLANG_WARN_OBJC_ROOT_CLASS = YES_ERROR;
				CLANG_WARN_QUOTED_INCLUDE_IN_FRAMEWORK_HEADER = YES;
				CLANG_WARN_RANGE_LOOP_ANALYSIS = YES;
				CLANG_WARN_STRICT_PROTOTYPES = YES;
				CLANG_WARN_SUSPICIOUS_MOVE = YES;
				CLANG_WARN_UNGUARDED_AVAILABILITY = YES_AGGRESSIVE;
				CLANG_WARN_UNREACHABLE_CODE = YES;
				CLANG_WARN__DUPLICATE_METHOD_MATCH = YES;
				COPY_PHASE_STRIP = NO;
				DEBUG_INFORMATION_FORMAT = "dwarf-with-dsym";
				ENABLE_NS_ASSERTIONS = NO;
				ENABLE_STRICT_OBJC_MSGSEND = YES;
				ENABLE_USER_SCRIPT_SANDBOXING = YES;
				GCC_C_LANGUAGE_STANDARD = gnu17;
				GCC_NO_COMMON_BLOCKS = YES;
				GCC_WARN_64_TO_32_BIT_CONVERSION = YES;
				GCC_WARN_ABOUT_RETURN_TYPE = YES_ERROR;
				GCC_WARN_UNDECLARED_SELECTOR = YES;
				GCC_WARN_UNINITIALIZED_AUTOS = YES_AGGRESSIVE;
				GCC_WARN_UNUSED_FUNCTION = YES;
				GCC_WARN_UNUSED_VARIABLE = YES;
				IPHONEOS_DEPLOYMENT_TARGET = 17.0;
				LOCALIZATION_PREFERS_STRING_CATALOGS = YES;
				MTL_ENABLE_DEBUG_INFO = NO;
				MTL_FAST_MATH = YES;
				SDKROOT = iphoneos;
				SWIFT_COMPILATION_MODE = wholemodule;
				VALIDATE_PRODUCT = YES;
			};
			name = Release;
		};
		740BE3D12ACCB6C2006FD8AB /* Debug */ = {
			isa = XCBuildConfiguration;
			buildSettings = {
				ASSETCATALOG_COMPILER_APPICON_NAME = AppIcon;
				ASSETCATALOG_COMPILER_GLOBAL_ACCENT_COLOR_NAME = AccentColor;
				CODE_SIGN_STYLE = Automatic;
				CURRENT_PROJECT_VERSION = 1;
				DEVELOPMENT_ASSET_PATHS = "\"ProjectPR/Preview Content\"";
				ENABLE_PREVIEWS = YES;
				GENERATE_INFOPLIST_FILE = YES;
				INFOPLIST_KEY_UIApplicationSceneManifest_Generation = YES;
				INFOPLIST_KEY_UIApplicationSupportsIndirectInputEvents = YES;
				INFOPLIST_KEY_UILaunchScreen_Generation = YES;
				INFOPLIST_KEY_UISupportedInterfaceOrientations_iPad = "UIInterfaceOrientationPortrait UIInterfaceOrientationPortraitUpsideDown UIInterfaceOrientationLandscapeLeft UIInterfaceOrientationLandscapeRight";
				INFOPLIST_KEY_UISupportedInterfaceOrientations_iPhone = "UIInterfaceOrientationPortrait UIInterfaceOrientationLandscapeLeft UIInterfaceOrientationLandscapeRight";
				LD_RUNPATH_SEARCH_PATHS = (
					"$(inherited)",
					"@executable_path/Frameworks",
				);
				MARKETING_VERSION = 1.0;
				PRODUCT_BUNDLE_IDENTIFIER = leo.ProjectPR;
				PRODUCT_NAME = "$(TARGET_NAME)";
				SWIFT_EMIT_LOC_STRINGS = YES;
				SWIFT_VERSION = 5.0;
				TARGETED_DEVICE_FAMILY = "1,2";
			};
			name = Debug;
		};
		740BE3D22ACCB6C2006FD8AB /* Release */ = {
			isa = XCBuildConfiguration;
			buildSettings = {
				ASSETCATALOG_COMPILER_APPICON_NAME = AppIcon;
				ASSETCATALOG_COMPILER_GLOBAL_ACCENT_COLOR_NAME = AccentColor;
				CODE_SIGN_STYLE = Automatic;
				CURRENT_PROJECT_VERSION = 1;
				DEVELOPMENT_ASSET_PATHS = "\"ProjectPR/Preview Content\"";
				ENABLE_PREVIEWS = YES;
				GENERATE_INFOPLIST_FILE = YES;
				INFOPLIST_KEY_UIApplicationSceneManifest_Generation = YES;
				INFOPLIST_KEY_UIApplicationSupportsIndirectInputEvents = YES;
				INFOPLIST_KEY_UILaunchScreen_Generation = YES;
				INFOPLIST_KEY_UISupportedInterfaceOrientations_iPad = "UIInterfaceOrientationPortrait UIInterfaceOrientationPortraitUpsideDown UIInterfaceOrientationLandscapeLeft UIInterfaceOrientationLandscapeRight";
				INFOPLIST_KEY_UISupportedInterfaceOrientations_iPhone = "UIInterfaceOrientationPortrait UIInterfaceOrientationLandscapeLeft UIInterfaceOrientationLandscapeRight";
				LD_RUNPATH_SEARCH_PATHS = (
					"$(inherited)",
					"@executable_path/Frameworks",
				);
				MARKETING_VERSION = 1.0;
				PRODUCT_BUNDLE_IDENTIFIER = leo.ProjectPR;
				PRODUCT_NAME = "$(TARGET_NAME)";
				SWIFT_EMIT_LOC_STRINGS = YES;
				SWIFT_VERSION = 5.0;
				TARGETED_DEVICE_FAMILY = "1,2";
			};
			name = Release;
		};
		740BE3D42ACCB6C2006FD8AB /* Debug */ = {
			isa = XCBuildConfiguration;
			buildSettings = {
				ALWAYS_EMBED_SWIFT_STANDARD_LIBRARIES = YES;
				BUNDLE_LOADER = "$(TEST_HOST)";
				CODE_SIGN_STYLE = Automatic;
				CURRENT_PROJECT_VERSION = 1;
				GENERATE_INFOPLIST_FILE = YES;
				IPHONEOS_DEPLOYMENT_TARGET = 17.0;
				MARKETING_VERSION = 1.0;
				PRODUCT_BUNDLE_IDENTIFIER = leo.ProjectPRTests;
				PRODUCT_NAME = "$(TARGET_NAME)";
				SWIFT_EMIT_LOC_STRINGS = NO;
				SWIFT_VERSION = 5.0;
				TARGETED_DEVICE_FAMILY = "1,2";
				TEST_HOST = "$(BUILT_PRODUCTS_DIR)/ProjectPR.app/$(BUNDLE_EXECUTABLE_FOLDER_PATH)/ProjectPR";
			};
			name = Debug;
		};
		740BE3D52ACCB6C2006FD8AB /* Release */ = {
			isa = XCBuildConfiguration;
			buildSettings = {
				ALWAYS_EMBED_SWIFT_STANDARD_LIBRARIES = YES;
				BUNDLE_LOADER = "$(TEST_HOST)";
				CODE_SIGN_STYLE = Automatic;
				CURRENT_PROJECT_VERSION = 1;
				GENERATE_INFOPLIST_FILE = YES;
				IPHONEOS_DEPLOYMENT_TARGET = 17.0;
				MARKETING_VERSION = 1.0;
				PRODUCT_BUNDLE_IDENTIFIER = leo.ProjectPRTests;
				PRODUCT_NAME = "$(TARGET_NAME)";
				SWIFT_EMIT_LOC_STRINGS = NO;
				SWIFT_VERSION = 5.0;
				TARGETED_DEVICE_FAMILY = "1,2";
				TEST_HOST = "$(BUILT_PRODUCTS_DIR)/ProjectPR.app/$(BUNDLE_EXECUTABLE_FOLDER_PATH)/ProjectPR";
			};
			name = Release;
		};
		740BE3D72ACCB6C2006FD8AB /* Debug */ = {
			isa = XCBuildConfiguration;
			buildSettings = {
				ALWAYS_EMBED_SWIFT_STANDARD_LIBRARIES = YES;
				CODE_SIGN_STYLE = Automatic;
				CURRENT_PROJECT_VERSION = 1;
				GENERATE_INFOPLIST_FILE = YES;
				MARKETING_VERSION = 1.0;
				PRODUCT_BUNDLE_IDENTIFIER = leo.ProjectPRUITests;
				PRODUCT_NAME = "$(TARGET_NAME)";
				SWIFT_EMIT_LOC_STRINGS = NO;
				SWIFT_VERSION = 5.0;
				TARGETED_DEVICE_FAMILY = "1,2";
				TEST_TARGET_NAME = ProjectPR;
			};
			name = Debug;
		};
		740BE3D82ACCB6C2006FD8AB /* Release */ = {
			isa = XCBuildConfiguration;
			buildSettings = {
				ALWAYS_EMBED_SWIFT_STANDARD_LIBRARIES = YES;
				CODE_SIGN_STYLE = Automatic;
				CURRENT_PROJECT_VERSION = 1;
				GENERATE_INFOPLIST_FILE = YES;
				MARKETING_VERSION = 1.0;
				PRODUCT_BUNDLE_IDENTIFIER = leo.ProjectPRUITests;
				PRODUCT_NAME = "$(TARGET_NAME)";
				SWIFT_EMIT_LOC_STRINGS = NO;
				SWIFT_VERSION = 5.0;
				TARGETED_DEVICE_FAMILY = "1,2";
				TEST_TARGET_NAME = ProjectPR;
			};
			name = Release;
		};
/* End XCBuildConfiguration section */

/* Begin XCConfigurationList section */
		740BE3A72ACCB6BF006FD8AB /* Build configuration list for PBXProject "ProjectPR" */ = {
			isa = XCConfigurationList;
			buildConfigurations = (
				740BE3CE2ACCB6C2006FD8AB /* Debug */,
				740BE3CF2ACCB6C2006FD8AB /* Release */,
			);
			defaultConfigurationIsVisible = 0;
			defaultConfigurationName = Release;
		};
		740BE3D02ACCB6C2006FD8AB /* Build configuration list for PBXNativeTarget "ProjectPR" */ = {
			isa = XCConfigurationList;
			buildConfigurations = (
				740BE3D12ACCB6C2006FD8AB /* Debug */,
				740BE3D22ACCB6C2006FD8AB /* Release */,
			);
			defaultConfigurationIsVisible = 0;
			defaultConfigurationName = Release;
		};
		740BE3D32ACCB6C2006FD8AB /* Build configuration list for PBXNativeTarget "ProjectPRTests" */ = {
			isa = XCConfigurationList;
			buildConfigurations = (
				740BE3D42ACCB6C2006FD8AB /* Debug */,
				740BE3D52ACCB6C2006FD8AB /* Release */,
			);
			defaultConfigurationIsVisible = 0;
			defaultConfigurationName = Release;
		};
		740BE3D62ACCB6C2006FD8AB /* Build configuration list for PBXNativeTarget "ProjectPRUITests" */ = {
			isa = XCConfigurationList;
			buildConfigurations = (
				740BE3D72ACCB6C2006FD8AB /* Debug */,
				740BE3D82ACCB6C2006FD8AB /* Release */,
			);
			defaultConfigurationIsVisible = 0;
			defaultConfigurationName = Release;
		};
/* End XCConfigurationList section */
	};
	rootObject = 740BE3A42ACCB6BF006FD8AB /* Project object */;
}
